// !$*UTF8*$!
{
	archiveVersion = 1;
	classes = {
	};
	objectVersion = 55;
	objects = {

/* Begin PBXBuildFile section */
		11E7FF42279AD96800BC4922 /* AppDelegate.swift in Sources */ = {isa = PBXBuildFile; fileRef = 11E7FF41279AD96800BC4922 /* AppDelegate.swift */; };
		11E7FF44279AD96800BC4922 /* SceneDelegate.swift in Sources */ = {isa = PBXBuildFile; fileRef = 11E7FF43279AD96800BC4922 /* SceneDelegate.swift */; };
		11E7FF46279AD96800BC4922 /* ViewController.swift in Sources */ = {isa = PBXBuildFile; fileRef = 11E7FF45279AD96800BC4922 /* ViewController.swift */; };
		11E7FF49279AD96800BC4922 /* Main.storyboard in Resources */ = {isa = PBXBuildFile; fileRef = 11E7FF47279AD96800BC4922 /* Main.storyboard */; };
		11E7FF4B279AD96C00BC4922 /* Assets.xcassets in Resources */ = {isa = PBXBuildFile; fileRef = 11E7FF4A279AD96C00BC4922 /* Assets.xcassets */; };
		11E7FF4E279AD96C00BC4922 /* LaunchScreen.storyboard in Resources */ = {isa = PBXBuildFile; fileRef = 11E7FF4C279AD96C00BC4922 /* LaunchScreen.storyboard */; };
		11E7FF59279AD96C00BC4922 /* LoginIslemleriTests.swift in Sources */ = {isa = PBXBuildFile; fileRef = 11E7FF58279AD96C00BC4922 /* LoginIslemleriTests.swift */; };
		11E7FF63279AD96C00BC4922 /* LoginIslemleriUITests.swift in Sources */ = {isa = PBXBuildFile; fileRef = 11E7FF62279AD96C00BC4922 /* LoginIslemleriUITests.swift */; };
		11E7FF65279AD96C00BC4922 /* LoginIslemleriUITestsLaunchTests.swift in Sources */ = {isa = PBXBuildFile; fileRef = 11E7FF64279AD96C00BC4922 /* LoginIslemleriUITestsLaunchTests.swift */; };
		11E7FF74279ADAD100BC4922 /* HomePageVC.swift in Sources */ = {isa = PBXBuildFile; fileRef = 11E7FF73279ADAD100BC4922 /* HomePageVC.swift */; };
/* End PBXBuildFile section */

/* Begin PBXContainerItemProxy section */
		11E7FF55279AD96C00BC4922 /* PBXContainerItemProxy */ = {
			isa = PBXContainerItemProxy;
			containerPortal = 11E7FF36279AD96800BC4922 /* Project object */;
			proxyType = 1;
			remoteGlobalIDString = 11E7FF3D279AD96800BC4922;
			remoteInfo = LoginIslemleri;
		};
		11E7FF5F279AD96C00BC4922 /* PBXContainerItemProxy */ = {
			isa = PBXContainerItemProxy;
			containerPortal = 11E7FF36279AD96800BC4922 /* Project object */;
			proxyType = 1;
			remoteGlobalIDString = 11E7FF3D279AD96800BC4922;
			remoteInfo = LoginIslemleri;
		};
/* End PBXContainerItemProxy section */

/* Begin PBXFileReference section */
		11E7FF3E279AD96800BC4922 /* LoginIslemleri.app */ = {isa = PBXFileReference; explicitFileType = wrapper.application; includeInIndex = 0; path = LoginIslemleri.app; sourceTree = BUILT_PRODUCTS_DIR; };
		11E7FF41279AD96800BC4922 /* AppDelegate.swift */ = {isa = PBXFileReference; lastKnownFileType = sourcecode.swift; path = AppDelegate.swift; sourceTree = "<group>"; };
		11E7FF43279AD96800BC4922 /* SceneDelegate.swift */ = {isa = PBXFileReference; lastKnownFileType = sourcecode.swift; path = SceneDelegate.swift; sourceTree = "<group>"; };
		11E7FF45279AD96800BC4922 /* ViewController.swift */ = {isa = PBXFileReference; lastKnownFileType = sourcecode.swift; path = ViewController.swift; sourceTree = "<group>"; };
		11E7FF48279AD96800BC4922 /* Base */ = {isa = PBXFileReference; lastKnownFileType = file.storyboard; name = Base; path = Base.lproj/Main.storyboard; sourceTree = "<group>"; };
		11E7FF4A279AD96C00BC4922 /* Assets.xcassets */ = {isa = PBXFileReference; lastKnownFileType = folder.assetcatalog; path = Assets.xcassets; sourceTree = "<group>"; };
		11E7FF4D279AD96C00BC4922 /* Base */ = {isa = PBXFileReference; lastKnownFileType = file.storyboard; name = Base; path = Base.lproj/LaunchScreen.storyboard; sourceTree = "<group>"; };
		11E7FF4F279AD96C00BC4922 /* Info.plist */ = {isa = PBXFileReference; lastKnownFileType = text.plist.xml; path = Info.plist; sourceTree = "<group>"; };
		11E7FF54279AD96C00BC4922 /* LoginIslemleriTests.xctest */ = {isa = PBXFileReference; explicitFileType = wrapper.cfbundle; includeInIndex = 0; path = LoginIslemleriTests.xctest; sourceTree = BUILT_PRODUCTS_DIR; };
		11E7FF58279AD96C00BC4922 /* LoginIslemleriTests.swift */ = {isa = PBXFileReference; lastKnownFileType = sourcecode.swift; path = LoginIslemleriTests.swift; sourceTree = "<group>"; };
		11E7FF5E279AD96C00BC4922 /* LoginIslemleriUITests.xctest */ = {isa = PBXFileReference; explicitFileType = wrapper.cfbundle; includeInIndex = 0; path = LoginIslemleriUITests.xctest; sourceTree = BUILT_PRODUCTS_DIR; };
		11E7FF62279AD96C00BC4922 /* LoginIslemleriUITests.swift */ = {isa = PBXFileReference; lastKnownFileType = sourcecode.swift; path = LoginIslemleriUITests.swift; sourceTree = "<group>"; };
		11E7FF64279AD96C00BC4922 /* LoginIslemleriUITestsLaunchTests.swift */ = {isa = PBXFileReference; lastKnownFileType = sourcecode.swift; path = LoginIslemleriUITestsLaunchTests.swift; sourceTree = "<group>"; };
		11E7FF73279ADAD100BC4922 /* HomePageVC.swift */ = {isa = PBXFileReference; lastKnownFileType = sourcecode.swift; path = HomePageVC.swift; sourceTree = "<group>"; };
/* End PBXFileReference section */

/* Begin PBXFrameworksBuildPhase section */
		11E7FF3B279AD96800BC4922 /* Frameworks */ = {
			isa = PBXFrameworksBuildPhase;
			buildActionMask = 2147483647;
			files = (
			);
			runOnlyForDeploymentPostprocessing = 0;
		};
		11E7FF51279AD96C00BC4922 /* Frameworks */ = {
			isa = PBXFrameworksBuildPhase;
			buildActionMask = 2147483647;
			files = (
			);
			runOnlyForDeploymentPostprocessing = 0;
		};
		11E7FF5B279AD96C00BC4922 /* Frameworks */ = {
			isa = PBXFrameworksBuildPhase;
			buildActionMask = 2147483647;
			files = (
			);
			runOnlyForDeploymentPostprocessing = 0;
		};
/* End PBXFrameworksBuildPhase section */

/* Begin PBXGroup section */
		11E7FF35279AD96800BC4922 = {
			isa = PBXGroup;
			children = (
				11E7FF40279AD96800BC4922 /* LoginIslemleri */,
				11E7FF57279AD96C00BC4922 /* LoginIslemleriTests */,
				11E7FF61279AD96C00BC4922 /* LoginIslemleriUITests */,
				11E7FF3F279AD96800BC4922 /* Products */,
			);
			sourceTree = "<group>";
		};
		11E7FF3F279AD96800BC4922 /* Products */ = {
			isa = PBXGroup;
			children = (
				11E7FF3E279AD96800BC4922 /* LoginIslemleri.app */,
				11E7FF54279AD96C00BC4922 /* LoginIslemleriTests.xctest */,
				11E7FF5E279AD96C00BC4922 /* LoginIslemleriUITests.xctest */,
			);
			name = Products;
			sourceTree = "<group>";
		};
		11E7FF40279AD96800BC4922 /* LoginIslemleri */ = {
			isa = PBXGroup;
			children = (
				11E7FF41279AD96800BC4922 /* AppDelegate.swift */,
				11E7FF43279AD96800BC4922 /* SceneDelegate.swift */,
				11E7FF45279AD96800BC4922 /* ViewController.swift */,
				11E7FF47279AD96800BC4922 /* Main.storyboard */,
				11E7FF4A279AD96C00BC4922 /* Assets.xcassets */,
				11E7FF4C279AD96C00BC4922 /* LaunchScreen.storyboard */,
				11E7FF4F279AD96C00BC4922 /* Info.plist */,
				11E7FF73279ADAD100BC4922 /* HomePageVC.swift */,
			);
			path = LoginIslemleri;
			sourceTree = "<group>";
		};
		11E7FF57279AD96C00BC4922 /* LoginIslemleriTests */ = {
			isa = PBXGroup;
			children = (
				11E7FF58279AD96C00BC4922 /* LoginIslemleriTests.swift */,
			);
			path = LoginIslemleriTests;
			sourceTree = "<group>";
		};
		11E7FF61279AD96C00BC4922 /* LoginIslemleriUITests */ = {
			isa = PBXGroup;
			children = (
				11E7FF62279AD96C00BC4922 /* LoginIslemleriUITests.swift */,
				11E7FF64279AD96C00BC4922 /* LoginIslemleriUITestsLaunchTests.swift */,
			);
			path = LoginIslemleriUITests;
			sourceTree = "<group>";
		};
/* End PBXGroup section */

/* Begin PBXNativeTarget section */
		11E7FF3D279AD96800BC4922 /* LoginIslemleri */ = {
			isa = PBXNativeTarget;
			buildConfigurationList = 11E7FF68279AD96C00BC4922 /* Build configuration list for PBXNativeTarget "LoginIslemleri" */;
			buildPhases = (
				11E7FF3A279AD96800BC4922 /* Sources */,
				11E7FF3B279AD96800BC4922 /* Frameworks */,
				11E7FF3C279AD96800BC4922 /* Resources */,
			);
			buildRules = (
			);
			dependencies = (
			);
			name = LoginIslemleri;
			productName = LoginIslemleri;
			productReference = 11E7FF3E279AD96800BC4922 /* LoginIslemleri.app */;
			productType = "com.apple.product-type.application";
		};
		11E7FF53279AD96C00BC4922 /* LoginIslemleriTests */ = {
			isa = PBXNativeTarget;
			buildConfigurationList = 11E7FF6B279AD96C00BC4922 /* Build configuration list for PBXNativeTarget "LoginIslemleriTests" */;
			buildPhases = (
				11E7FF50279AD96C00BC4922 /* Sources */,
				11E7FF51279AD96C00BC4922 /* Frameworks */,
				11E7FF52279AD96C00BC4922 /* Resources */,
			);
			buildRules = (
			);
			dependencies = (
				11E7FF56279AD96C00BC4922 /* PBXTargetDependency */,
			);
			name = LoginIslemleriTests;
			productName = LoginIslemleriTests;
			productReference = 11E7FF54279AD96C00BC4922 /* LoginIslemleriTests.xctest */;
			productType = "com.apple.product-type.bundle.unit-test";
		};
		11E7FF5D279AD96C00BC4922 /* LoginIslemleriUITests */ = {
			isa = PBXNativeTarget;
			buildConfigurationList = 11E7FF6E279AD96C00BC4922 /* Build configuration list for PBXNativeTarget "LoginIslemleriUITests" */;
			buildPhases = (
				11E7FF5A279AD96C00BC4922 /* Sources */,
				11E7FF5B279AD96C00BC4922 /* Frameworks */,
				11E7FF5C279AD96C00BC4922 /* Resources */,
			);
			buildRules = (
			);
			dependencies = (
				11E7FF60279AD96C00BC4922 /* PBXTargetDependency */,
			);
			name = LoginIslemleriUITests;
			productName = LoginIslemleriUITests;
			productReference = 11E7FF5E279AD96C00BC4922 /* LoginIslemleriUITests.xctest */;
			productType = "com.apple.product-type.bundle.ui-testing";
		};
/* End PBXNativeTarget section */

/* Begin PBXProject section */
		11E7FF36279AD96800BC4922 /* Project object */ = {
			isa = PBXProject;
			attributes = {
				BuildIndependentTargetsInParallel = 1;
				LastSwiftUpdateCheck = 1320;
				LastUpgradeCheck = 1320;
				TargetAttributes = {
					11E7FF3D279AD96800BC4922 = {
						CreatedOnToolsVersion = 13.2.1;
					};
					11E7FF53279AD96C00BC4922 = {
						CreatedOnToolsVersion = 13.2.1;
						TestTargetID = 11E7FF3D279AD96800BC4922;
					};
					11E7FF5D279AD96C00BC4922 = {
						CreatedOnToolsVersion = 13.2.1;
						TestTargetID = 11E7FF3D279AD96800BC4922;
					};
				};
			};
			buildConfigurationList = 11E7FF39279AD96800BC4922 /* Build configuration list for PBXProject "LoginIslemleri" */;
			compatibilityVersion = "Xcode 13.0";
			developmentRegion = en;
			hasScannedForEncodings = 0;
			knownRegions = (
				en,
				Base,
			);
			mainGroup = 11E7FF35279AD96800BC4922;
			productRefGroup = 11E7FF3F279AD96800BC4922 /* Products */;
			projectDirPath = "";
			projectRoot = "";
			targets = (
				11E7FF3D279AD96800BC4922 /* LoginIslemleri */,
				11E7FF53279AD96C00BC4922 /* LoginIslemleriTests */,
				11E7FF5D279AD96C00BC4922 /* LoginIslemleriUITests */,
			);
		};
/* End PBXProject section */

/* Begin PBXResourcesBuildPhase section */
		11E7FF3C279AD96800BC4922 /* Resources */ = {
			isa = PBXResourcesBuildPhase;
			buildActionMask = 2147483647;
			files = (
				11E7FF4E279AD96C00BC4922 /* LaunchScreen.storyboard in Resources */,
				11E7FF4B279AD96C00BC4922 /* Assets.xcassets in Resources */,
				11E7FF49279AD96800BC4922 /* Main.storyboard in Resources */,
			);
			runOnlyForDeploymentPostprocessing = 0;
		};
		11E7FF52279AD96C00BC4922 /* Resources */ = {
			isa = PBXResourcesBuildPhase;
			buildActionMask = 2147483647;
			files = (
			);
			runOnlyForDeploymentPostprocessing = 0;
		};
		11E7FF5C279AD96C00BC4922 /* Resources */ = {
			isa = PBXResourcesBuildPhase;
			buildActionMask = 2147483647;
			files = (
			);
			runOnlyForDeploymentPostprocessing = 0;
		};
/* End PBXResourcesBuildPhase section */

/* Begin PBXSourcesBuildPhase section */
		11E7FF3A279AD96800BC4922 /* Sources */ = {
			isa = PBXSourcesBuildPhase;
			buildActionMask = 2147483647;
			files = (
				11E7FF74279ADAD100BC4922 /* HomePageVC.swift in Sources */,
				11E7FF46279AD96800BC4922 /* ViewController.swift in Sources */,
				11E7FF42279AD96800BC4922 /* AppDelegate.swift in Sources */,
				11E7FF44279AD96800BC4922 /* SceneDelegate.swift in Sources */,
			);
			runOnlyForDeploymentPostprocessing = 0;
		};
		11E7FF50279AD96C00BC4922 /* Sources */ = {
			isa = PBXSourcesBuildPhase;
			buildActionMask = 2147483647;
			files = (
				11E7FF59279AD96C00BC4922 /* LoginIslemleriTests.swift in Sources */,
			);
			runOnlyForDeploymentPostprocessing = 0;
		};
		11E7FF5A279AD96C00BC4922 /* Sources */ = {
			isa = PBXSourcesBuildPhase;
			buildActionMask = 2147483647;
			files = (
				11E7FF63279AD96C00BC4922 /* LoginIslemleriUITests.swift in Sources */,
				11E7FF65279AD96C00BC4922 /* LoginIslemleriUITestsLaunchTests.swift in Sources */,
			);
			runOnlyForDeploymentPostprocessing = 0;
		};
/* End PBXSourcesBuildPhase section */

/* Begin PBXTargetDependency section */
		11E7FF56279AD96C00BC4922 /* PBXTargetDependency */ = {
			isa = PBXTargetDependency;
			target = 11E7FF3D279AD96800BC4922 /* LoginIslemleri */;
			targetProxy = 11E7FF55279AD96C00BC4922 /* PBXContainerItemProxy */;
		};
		11E7FF60279AD96C00BC4922 /* PBXTargetDependency */ = {
			isa = PBXTargetDependency;
			target = 11E7FF3D279AD96800BC4922 /* LoginIslemleri */;
			targetProxy = 11E7FF5F279AD96C00BC4922 /* PBXContainerItemProxy */;
		};
/* End PBXTargetDependency section */

/* Begin PBXVariantGroup section */
		11E7FF47279AD96800BC4922 /* Main.storyboard */ = {
			isa = PBXVariantGroup;
			children = (
				11E7FF48279AD96800BC4922 /* Base */,
			);
			name = Main.storyboard;
			sourceTree = "<group>";
		};
		11E7FF4C279AD96C00BC4922 /* LaunchScreen.storyboard */ = {
			isa = PBXVariantGroup;
			children = (
				11E7FF4D279AD96C00BC4922 /* Base */,
			);
			name = LaunchScreen.storyboard;
			sourceTree = "<group>";
		};
/* End PBXVariantGroup section */

/* Begin XCBuildConfiguration section */
		11E7FF66279AD96C00BC4922 /* Debug */ = {
			isa = XCBuildConfiguration;
			buildSettings = {
				ALWAYS_SEARCH_USER_PATHS = NO;
				CLANG_ANALYZER_NONNULL = YES;
				CLANG_ANALYZER_NUMBER_OBJECT_CONVERSION = YES_AGGRESSIVE;
				CLANG_CXX_LANGUAGE_STANDARD = "gnu++17";
				CLANG_CXX_LIBRARY = "libc++";
				CLANG_ENABLE_MODULES = YES;
				CLANG_ENABLE_OBJC_ARC = YES;
				CLANG_ENABLE_OBJC_WEAK = YES;
				CLANG_WARN_BLOCK_CAPTURE_AUTORELEASING = YES;
				CLANG_WARN_BOOL_CONVERSION = YES;
				CLANG_WARN_COMMA = YES;
				CLANG_WARN_CONSTANT_CONVERSION = YES;
				CLANG_WARN_DEPRECATED_OBJC_IMPLEMENTATIONS = YES;
				CLANG_WARN_DIRECT_OBJC_ISA_USAGE = YES_ERROR;
				CLANG_WARN_DOCUMENTATION_COMMENTS = YES;
				CLANG_WARN_EMPTY_BODY = YES;
				CLANG_WARN_ENUM_CONVERSION = YES;
				CLANG_WARN_INFINITE_RECURSION = YES;
				CLANG_WARN_INT_CONVERSION = YES;
				CLANG_WARN_NON_LITERAL_NULL_CONVERSION = YES;
				CLANG_WARN_OBJC_IMPLICIT_RETAIN_SELF = YES;
				CLANG_WARN_OBJC_LITERAL_CONVERSION = YES;
				CLANG_WARN_OBJC_ROOT_CLASS = YES_ERROR;
				CLANG_WARN_QUOTED_INCLUDE_IN_FRAMEWORK_HEADER = YES;
				CLANG_WARN_RANGE_LOOP_ANALYSIS = YES;
				CLANG_WARN_STRICT_PROTOTYPES = YES;
				CLANG_WARN_SUSPICIOUS_MOVE = YES;
				CLANG_WARN_UNGUARDED_AVAILABILITY = YES_AGGRESSIVE;
				CLANG_WARN_UNREACHABLE_CODE = YES;
				CLANG_WARN__DUPLICATE_METHOD_MATCH = YES;
				COPY_PHASE_STRIP = NO;
				DEBUG_INFORMATION_FORMAT = dwarf;
				ENABLE_STRICT_OBJC_MSGSEND = YES;
				ENABLE_TESTABILITY = YES;
				GCC_C_LANGUAGE_STANDARD = gnu11;
				GCC_DYNAMIC_NO_PIC = NO;
				GCC_NO_COMMON_BLOCKS = YES;
				GCC_OPTIMIZATION_LEVEL = 0;
				GCC_PREPROCESSOR_DEFINITIONS = (
					"DEBUG=1",
					"$(inherited)",
				);
				GCC_WARN_64_TO_32_BIT_CONVERSION = YES;
				GCC_WARN_ABOUT_RETURN_TYPE = YES_ERROR;
				GCC_WARN_UNDECLARED_SELECTOR = YES;
				GCC_WARN_UNINITIALIZED_AUTOS = YES_AGGRESSIVE;
				GCC_WARN_UNUSED_FUNCTION = YES;
				GCC_WARN_UNUSED_VARIABLE = YES;
				IPHONEOS_DEPLOYMENT_TARGET = 15.2;
				MTL_ENABLE_DEBUG_INFO = INCLUDE_SOURCE;
				MTL_FAST_MATH = YES;
				ONLY_ACTIVE_ARCH = YES;
				SDKROOT = iphoneos;
				SWIFT_ACTIVE_COMPILATION_CONDITIONS = DEBUG;
				SWIFT_OPTIMIZATION_LEVEL = "-Onone";
			};
			name = Debug;
		};
		11E7FF67279AD96C00BC4922 /* Release */ = {
			isa = XCBuildConfiguration;
			buildSettings = {
				ALWAYS_SEARCH_USER_PATHS = NO;
				CLANG_ANALYZER_NONNULL = YES;
				CLANG_ANALYZER_NUMBER_OBJECT_CONVERSION = YES_AGGRESSIVE;
				CLANG_CXX_LANGUAGE_STANDARD = "gnu++17";
				CLANG_CXX_LIBRARY = "libc++";
				CLANG_ENABLE_MODULES = YES;
				CLANG_ENABLE_OBJC_ARC = YES;
				CLANG_ENABLE_OBJC_WEAK = YES;
				CLANG_WARN_BLOCK_CAPTURE_AUTORELEASING = YES;
				CLANG_WARN_BOOL_CONVERSION = YES;
				CLANG_WARN_COMMA = YES;
				CLANG_WARN_CONSTANT_CONVERSION = YES;
				CLANG_WARN_DEPRECATED_OBJC_IMPLEMENTATIONS = YES;
				CLANG_WARN_DIRECT_OBJC_ISA_USAGE = YES_ERROR;
				CLANG_WARN_DOCUMENTATION_COMMENTS = YES;
				CLANG_WARN_EMPTY_BODY = YES;
				CLANG_WARN_ENUM_CONVERSION = YES;
				CLANG_WARN_INFINITE_RECURSION = YES;
				CLANG_WARN_INT_CONVERSION = YES;
				CLANG_WARN_NON_LITERAL_NULL_CONVERSION = YES;
				CLANG_WARN_OBJC_IMPLICIT_RETAIN_SELF = YES;
				CLANG_WARN_OBJC_LITERAL_CONVERSION = YES;
				CLANG_WARN_OBJC_ROOT_CLASS = YES_ERROR;
				CLANG_WARN_QUOTED_INCLUDE_IN_FRAMEWORK_HEADER = YES;
				CLANG_WARN_RANGE_LOOP_ANALYSIS = YES;
				CLANG_WARN_STRICT_PROTOTYPES = YES;
				CLANG_WARN_SUSPICIOUS_MOVE = YES;
				CLANG_WARN_UNGUARDED_AVAILABILITY = YES_AGGRESSIVE;
				CLANG_WARN_UNREACHABLE_CODE = YES;
				CLANG_WARN__DUPLICATE_METHOD_MATCH = YES;
				COPY_PHASE_STRIP = NO;
				DEBUG_INFORMATION_FORMAT = "dwarf-with-dsym";
				ENABLE_NS_ASSERTIONS = NO;
				ENABLE_STRICT_OBJC_MSGSEND = YES;
				GCC_C_LANGUAGE_STANDARD = gnu11;
				GCC_NO_COMMON_BLOCKS = YES;
				GCC_WARN_64_TO_32_BIT_CONVERSION = YES;
				GCC_WARN_ABOUT_RETURN_TYPE = YES_ERROR;
				GCC_WARN_UNDECLARED_SELECTOR = YES;
				GCC_WARN_UNINITIALIZED_AUTOS = YES_AGGRESSIVE;
				GCC_WARN_UNUSED_FUNCTION = YES;
				GCC_WARN_UNUSED_VARIABLE = YES;
				IPHONEOS_DEPLOYMENT_TARGET = 15.2;
				MTL_ENABLE_DEBUG_INFO = NO;
				MTL_FAST_MATH = YES;
				SDKROOT = iphoneos;
				SWIFT_COMPILATION_MODE = wholemodule;
				SWIFT_OPTIMIZATION_LEVEL = "-O";
				VALIDATE_PRODUCT = YES;
			};
			name = Release;
		};
		11E7FF69279AD96C00BC4922 /* Debug */ = {
			isa = XCBuildConfiguration;
			buildSettings = {
				ASSETCATALOG_COMPILER_APPICON_NAME = AppIcon;
				ASSETCATALOG_COMPILER_GLOBAL_ACCENT_COLOR_NAME = AccentColor;
				CODE_SIGN_STYLE = Automatic;
				CURRENT_PROJECT_VERSION = 1;
				DEVELOPMENT_TEAM = 448H3S9AG3;
				GENERATE_INFOPLIST_FILE = YES;
				INFOPLIST_FILE = LoginIslemleri/Info.plist;
				INFOPLIST_KEY_UIApplicationSupportsIndirectInputEvents = YES;
				INFOPLIST_KEY_UILaunchStoryboardName = LaunchScreen;
				INFOPLIST_KEY_UIMainStoryboardFile = Main;
				INFOPLIST_KEY_UISupportedInterfaceOrientations_iPad = "UIInterfaceOrientationPortrait UIInterfaceOrientationPortraitUpsideDown UIInterfaceOrientationLandscapeLeft UIInterfaceOrientationLandscapeRight";
				INFOPLIST_KEY_UISupportedInterfaceOrientations_iPhone = "UIInterfaceOrientationPortrait UIInterfaceOrientationLandscapeLeft UIInterfaceOrientationLandscapeRight";
				LD_RUNPATH_SEARCH_PATHS = (
					"$(inherited)",
					"@executable_path/Frameworks",
				);
				MARKETING_VERSION = 1.0;
				PRODUCT_BUNDLE_IDENTIFIER = tunahan.LoginIslemleri;
				PRODUCT_NAME = "$(TARGET_NAME)";
				SWIFT_EMIT_LOC_STRINGS = YES;
				SWIFT_VERSION = 5.0;
				TARGETED_DEVICE_FAMILY = "1,2";
			};
			name = Debug;
		};
		11E7FF6A279AD96C00BC4922 /* Release */ = {
			isa = XCBuildConfiguration;
			buildSettings = {
				ASSETCATALOG_COMPILER_APPICON_NAME = AppIcon;
				ASSETCATALOG_COMPILER_GLOBAL_ACCENT_COLOR_NAME = AccentColor;
				CODE_SIGN_STYLE = Automatic;
				CURRENT_PROJECT_VERSION = 1;
				DEVELOPMENT_TEAM = 448H3S9AG3;
				GENERATE_INFOPLIST_FILE = YES;
				INFOPLIST_FILE = LoginIslemleri/Info.plist;
				INFOPLIST_KEY_UIApplicationSupportsIndirectInputEvents = YES;
				INFOPLIST_KEY_UILaunchStoryboardName = LaunchScreen;
				INFOPLIST_KEY_UIMainStoryboardFile = Main;
				INFOPLIST_KEY_UISupportedInterfaceOrientations_iPad = "UIInterfaceOrientationPortrait UIInterfaceOrientationPortraitUpsideDown UIInterfaceOrientationLandscapeLeft UIInterfaceOrientationLandscapeRight";
				INFOPLIST_KEY_UISupportedInterfaceOrientations_iPhone = "UIInterfaceOrientationPortrait UIInterfaceOrientationLandscapeLeft UIInterfaceOrientationLandscapeRight";
				LD_RUNPATH_SEARCH_PATHS = (
					"$(inherited)",
					"@executable_path/Frameworks",
				);
				MARKETING_VERSION = 1.0;
				PRODUCT_BUNDLE_IDENTIFIER = tunahan.LoginIslemleri;
				PRODUCT_NAME = "$(TARGET_NAME)";
				SWIFT_EMIT_LOC_STRINGS = YES;
				SWIFT_VERSION = 5.0;
				TARGETED_DEVICE_FAMILY = "1,2";
			};
			name = Release;
		};
		11E7FF6C279AD96C00BC4922 /* Debug */ = {
			isa = XCBuildConfiguration;
			buildSettings = {
				ALWAYS_EMBED_SWIFT_STANDARD_LIBRARIES = YES;
				BUNDLE_LOADER = "$(TEST_HOST)";
				CODE_SIGN_STYLE = Automatic;
				CURRENT_PROJECT_VERSION = 1;
				DEVELOPMENT_TEAM = 448H3S9AG3;
				GENERATE_INFOPLIST_FILE = YES;
				IPHONEOS_DEPLOYMENT_TARGET = 15.2;
				MARKETING_VERSION = 1.0;
				PRODUCT_BUNDLE_IDENTIFIER = tunahan.LoginIslemleriTests;
				PRODUCT_NAME = "$(TARGET_NAME)";
				SWIFT_EMIT_LOC_STRINGS = NO;
				SWIFT_VERSION = 5.0;
				TARGETED_DEVICE_FAMILY = "1,2";
				TEST_HOST = "$(BUILT_PRODUCTS_DIR)/LoginIslemleri.app/LoginIslemleri";
			};
			name = Debug;
		};
		11E7FF6D279AD96C00BC4922 /* Release */ = {
			isa = XCBuildConfiguration;
			buildSettings = {
				ALWAYS_EMBED_SWIFT_STANDARD_LIBRARIES = YES;
				BUNDLE_LOADER = "$(TEST_HOST)";
				CODE_SIGN_STYLE = Automatic;
				CURRENT_PROJECT_VERSION = 1;
				DEVELOPMENT_TEAM = 448H3S9AG3;
				GENERATE_INFOPLIST_FILE = YES;
				IPHONEOS_DEPLOYMENT_TARGET = 15.2;
				MARKETING_VERSION = 1.0;
				PRODUCT_BUNDLE_IDENTIFIER = tunahan.LoginIslemleriTests;
				PRODUCT_NAME = "$(TARGET_NAME)";
				SWIFT_EMIT_LOC_STRINGS = NO;
				SWIFT_VERSION = 5.0;
				TARGETED_DEVICE_FAMILY = "1,2";
				TEST_HOST = "$(BUILT_PRODUCTS_DIR)/LoginIslemleri.app/LoginIslemleri";
			};
			name = Release;
		};
		11E7FF6F279AD96C00BC4922 /* Debug */ = {
			isa = XCBuildConfiguration;
			buildSettings = {
				ALWAYS_EMBED_SWIFT_STANDARD_LIBRARIES = YES;
				CODE_SIGN_STYLE = Automatic;
				CURRENT_PROJECT_VERSION = 1;
				DEVELOPMENT_TEAM = 448H3S9AG3;
				GENERATE_INFOPLIST_FILE = YES;
				MARKETING_VERSION = 1.0;
				PRODUCT_BUNDLE_IDENTIFIER = tunahan.LoginIslemleriUITests;
				PRODUCT_NAME = "$(TARGET_NAME)";
				SWIFT_EMIT_LOC_STRINGS = NO;
				SWIFT_VERSION = 5.0;
				TARGETED_DEVICE_FAMILY = "1,2";
				TEST_TARGET_NAME = LoginIslemleri;
			};
			name = Debug;
		};
		11E7FF70279AD96C00BC4922 /* Release */ = {
			isa = XCBuildConfiguration;
			buildSettings = {
				ALWAYS_EMBED_SWIFT_STANDARD_LIBRARIES = YES;
				CODE_SIGN_STYLE = Automatic;
				CURRENT_PROJECT_VERSION = 1;
				DEVELOPMENT_TEAM = 448H3S9AG3;
				GENERATE_INFOPLIST_FILE = YES;
				MARKETING_VERSION = 1.0;
				PRODUCT_BUNDLE_IDENTIFIER = tunahan.LoginIslemleriUITests;
				PRODUCT_NAME = "$(TARGET_NAME)";
				SWIFT_EMIT_LOC_STRINGS = NO;
				SWIFT_VERSION = 5.0;
				TARGETED_DEVICE_FAMILY = "1,2";
				TEST_TARGET_NAME = LoginIslemleri;
			};
			name = Release;
		};
/* End XCBuildConfiguration section */

/* Begin XCConfigurationList section */
		11E7FF39279AD96800BC4922 /* Build configuration list for PBXProject "LoginIslemleri" */ = {
			isa = XCConfigurationList;
			buildConfigurations = (
				11E7FF66279AD96C00BC4922 /* Debug */,
				11E7FF67279AD96C00BC4922 /* Release */,
			);
			defaultConfigurationIsVisible = 0;
			defaultConfigurationName = Release;
		};
		11E7FF68279AD96C00BC4922 /* Build configuration list for PBXNativeTarget "LoginIslemleri" */ = {
			isa = XCConfigurationList;
			buildConfigurations = (
				11E7FF69279AD96C00BC4922 /* Debug */,
				11E7FF6A279AD96C00BC4922 /* Release */,
			);
			defaultConfigurationIsVisible = 0;
			defaultConfigurationName = Release;
		};
		11E7FF6B279AD96C00BC4922 /* Build configuration list for PBXNativeTarget "LoginIslemleriTests" */ = {
			isa = XCConfigurationList;
			buildConfigurations = (
				11E7FF6C279AD96C00BC4922 /* Debug */,
				11E7FF6D279AD96C00BC4922 /* Release */,
			);
			defaultConfigurationIsVisible = 0;
			defaultConfigurationName = Release;
		};
		11E7FF6E279AD96C00BC4922 /* Build configuration list for PBXNativeTarget "LoginIslemleriUITests" */ = {
			isa = XCConfigurationList;
			buildConfigurations = (
				11E7FF6F279AD96C00BC4922 /* Debug */,
				11E7FF70279AD96C00BC4922 /* Release */,
			);
			defaultConfigurationIsVisible = 0;
			defaultConfigurationName = Release;
		};
/* End XCConfigurationList section */
	};
	rootObject = 11E7FF36279AD96800BC4922 /* Project object */;
}
